
Microsoft Visual Studio Solution File, Format Version 12.00
# Visual Studio Version 16
VisualStudioVersion = 16.0.29519.181
MinimumVisualStudioVersion = 10.0.40219.1
Project("{FAE04EC0-301F-11D3-BF4B-00C04F79EFBC}") = "HealthAPI", "HealthAPI\HealthAPI.csproj", "{010742C8-D364-430E-A153-5B1FC7D7D3E0}"
EndProject
Project("{FAE04EC0-301F-11D3-BF4B-00C04F79EFBC}") = "ClientApp", "ClientApp\ClientApp.csproj", "{F039B982-D338-46C0-A360-A10B95DB4910}"
EndProject
Global
	GlobalSection(SolutionConfigurationPlatforms) = preSolution
		Debug|Any CPU = Debug|Any CPU
		Release|Any CPU = Release|Any CPU
	EndGlobalSection
	GlobalSection(ProjectConfigurationPlatforms) = postSolution
		{010742C8-D364-430E-A153-5B1FC7D7D3E0}.Debug|Any CPU.ActiveCfg = Debug|Any CPU
		{010742C8-D364-430E-A153-5B1FC7D7D3E0}.Debug|Any CPU.Build.0 = Debug|Any CPU
		{010742C8-D364-430E-A153-5B1FC7D7D3E0}.Release|Any CPU.ActiveCfg = Release|Any CPU
		{010742C8-D364-430E-A153-5B1FC7D7D3E0}.Release|Any CPU.Build.0 = Release|Any CPU
		{F039B982-D338-46C0-A360-A10B95DB4910}.Debug|Any CPU.ActiveCfg = Debug|Any CPU
		{F039B982-D338-46C0-A360-A10B95DB4910}.Debug|Any CPU.Build.0 = Debug|Any CPU
		{F039B982-D338-46C0-A360-A10B95DB4910}.Release|Any CPU.ActiveCfg = Release|Any CPU
		{F039B982-D338-46C0-A360-A10B95DB4910}.Release|Any CPU.Build.0 = Release|Any CPU
	EndGlobalSection
	GlobalSection(SolutionProperties) = preSolution
		HideSolutionNode = FALSE
	EndGlobalSection
	GlobalSection(ExtensibilityGlobals) = postSolution
		SolutionGuid = {8202607A-41F8-407D-ADB8-25CBA2D5181F}
	EndGlobalSection
EndGlobal
